hash: 0ef57dd15f41e8f5181f43ff93b7c420e63c8bb2174a8c879ffd56dd98bed659
updated: 2017-09-27T13:53:20.123821976+06:00
imports:
- name: golang.org/x/image
  version: 334384d9e19178a0488c9360d94d183c1ef0f711
  subpackages:
  - riff
  - vp8
  - vp8l
  - webp
- name: golang.org/x/net
  version: 0a9397675ba34b2845f758fe3cd68828369c6517
  subpackages:
  - netutil
- name: gopkg.in/yaml.v2
  version: cd8b52f8269e0feb286dfeef29f8fe4d5b397e0b
testImports: []
