hash: ee79c683cfb33f25698e42e0a5c6d8b9ff9b194fac20ca8e05f4e929b6ecdeac
updated: 2018-10-05T00:38:02.144427+06:00
imports:
- name: github.com/aws/aws-sdk-go
  version: cfcda8304585604aabf1f7f8f7ce67b55029d0ca
  subpackages:
  - aws
  - aws/awserr
  - aws/awsutil
  - aws/client
  - aws/client/metadata
  - aws/corehandlers
  - aws/credentials
  - aws/credentials/ec2rolecreds
  - aws/credentials/endpointcreds
  - aws/credentials/stscreds
  - aws/csm
  - aws/defaults
  - aws/ec2metadata
  - aws/endpoints
  - aws/request
  - aws/session
  - aws/signer/v4
  - internal/sdkio
  - internal/sdkrand
  - internal/sdkuri
  - internal/shareddefaults
  - private/protocol
  - private/protocol/eventstream
  - private/protocol/eventstream/eventstreamapi
  - private/protocol/query
  - private/protocol/query/queryutil
  - private/protocol/rest
  - private/protocol/restxml
  - private/protocol/xml/xmlutil
  - service/s3
  - service/sts
- name: github.com/go-ini/ini
  version: 7b294651033cd7d9e7f0d9ffa1b75ed1e198e737
- name: github.com/jmespath/go-jmespath
  version: c2b33e8439af944379acbdd9c3a5fe0bc44bd8a5
- name: github.com/matoous/go-nanoid
  version: 3de1538a83bcb1749aa54482113e5cd06e4fb938
- name: golang.org/x/image
  version: 334384d9e19178a0488c9360d94d183c1ef0f711
  subpackages:
  - riff
  - vp8
  - vp8l
  - webp
- name: golang.org/x/net
  version: 0a9397675ba34b2845f758fe3cd68828369c6517
  subpackages:
  - netutil
testImports: []
