# This file is autogenerated, do not edit; changes may be undone by the next 'dep ensure'.


[[projects]]
  digest = "1:8fba2026253919f58e3afc3a965269fb854987c602aa96db89463ad33783d43b"
  name = "github.com/aws/aws-sdk-go"
  packages = [
    "aws",
    "aws/awserr",
    "aws/awsutil",
    "aws/client",
    "aws/client/metadata",
    "aws/corehandlers",
    "aws/credentials",
    "aws/credentials/ec2rolecreds",
    "aws/credentials/endpointcreds",
    "aws/credentials/stscreds",
    "aws/csm",
    "aws/defaults",
    "aws/ec2metadata",
    "aws/endpoints",
    "aws/request",
    "aws/session",
    "aws/signer/v4",
    "internal/sdkio",
    "internal/sdkrand",
    "internal/sdkuri",
    "internal/shareddefaults",
    "private/protocol",
    "private/protocol/eventstream",
    "private/protocol/eventstream/eventstreamapi",
    "private/protocol/query",
    "private/protocol/query/queryutil",
    "private/protocol/rest",
    "private/protocol/restxml",
    "private/protocol/xml/xmlutil",
    "service/s3",
    "service/sts",
  ]
  pruneopts = "UT"
  revision = "cfcda8304585604aabf1f7f8f7ce67b55029d0ca"
  version = "v1.15.47"

[[projects]]
  digest = "1:b98e7574fc27ec166fb31195ec72c3bd0bffd73926d3612eb4c929bc5236f75b"
  name = "github.com/go-ini/ini"
  packages = ["."]
  pruneopts = "UT"
  revision = "7b294651033cd7d9e7f0d9ffa1b75ed1e198e737"
  version = "v1.38.3"

[[projects]]
  digest = "1:e22af8c7518e1eab6f2eab2b7d7558927f816262586cd6ed9f349c97a6c285c4"
  name = "github.com/jmespath/go-jmespath"
  packages = ["."]
  pruneopts = "UT"
  revision = "0b12d6b5"

[[projects]]
  branch = "master"
  digest = "1:97e35d2efabea52337e58f96e8b798fd461bf42d2519beb50f485029c6ad6aa5"
  name = "github.com/matoous/go-nanoid"
  packages = ["."]
  pruneopts = "UT"
  revision = "3de1538a83bcb1749aa54482113e5cd06e4fb938"

[[projects]]
  digest = "1:01f60ec456e70c9be269902c08fa189a9d47056a419c4a91a02f19df5e36ab59"
  name = "github.com/newrelic/go-agent"
  packages = [
    ".",
    "internal",
    "internal/cat",
    "internal/jsonx",
    "internal/logger",
    "internal/sysinfo",
    "internal/utilization",
  ]
  pruneopts = "UT"
  revision = "46d73e6be8b4faeee70850d0df829e4fe00d6819"
  version = "v2.1.0"

[[projects]]
  digest = "1:72b36febaabad58e1864de2b43de05689ce27a2c9a582a61a25e71a31ba23d0b"
  name = "golang.org/x/image"
  packages = [
    "riff",
    "vp8",
    "vp8l",
    "webp",
  ]
  pruneopts = "UT"
  revision = "334384d9e19178a0488c9360d94d183c1ef0f711"

[[projects]]
  digest = "1:5382617c0fcd767b87eee163044d97f25180fab56e050e395e29c6439e165125"
  name = "golang.org/x/net"
  packages = ["netutil"]
  pruneopts = "UT"
  revision = "0a9397675ba34b2845f758fe3cd68828369c6517"

[solve-meta]
  analyzer-name = "dep"
  analyzer-version = 1
  input-imports = [
    "github.com/aws/aws-sdk-go/aws",
    "github.com/aws/aws-sdk-go/aws/session",
    "github.com/aws/aws-sdk-go/service/s3",
    "github.com/matoous/go-nanoid",
    "github.com/newrelic/go-agent",
    "golang.org/x/image/webp",
    "golang.org/x/net/netutil",
  ]
  solver-name = "gps-cdcl"
  solver-version = 1
